
Microsoft Visual Studio Solution File, Format Version 12.00
# Visual Studio Version 17
VisualStudioVersion = 17.3.32901.215
MinimumVisualStudioVersion = 10.0.40219.1
Project("{9A19103F-16F7-4668-BE54-9A1E7A4F7556}") = "SHIS.HisOrder.MVC", "SHIS.HisOrder.MVC\SHIS.HisOrder.MVC.csproj", "{6862B576-9556-4AF5-9227-4CCCC28E0020}"
EndProject
Project("{9A19103F-16F7-4668-BE54-9A1E7A4F7556}") = "SHIS.MOHD.WebAPI", "SHIS.MOHD.WebAPI\SHIS.MOHD.WebAPI.csproj", "{7EE5645C-5EC4-40C8-9943-91964ACDBEA8}"
EndProject
Project("{9A19103F-16F7-4668-BE54-9A1E7A4F7556}") = "SHIS.HisOrder.Console.Gateway", "SHIS.HisOrder.Console.Gateway\SHIS.HisOrder.Console.Gateway.csproj", "{97290369-8395-45FB-9991-382BA0602945}"
EndProject
Project("{9A19103F-16F7-4668-BE54-9A1E7A4F7556}") = "SHIS.Lab.WebAPI", "SHIS.Lab.WebAPI\SHIS.Lab.WebAPI.csproj", "{4EEED280-0038-47FC-823F-DAB1B94E6A86}"
EndProject
Global
	GlobalSection(SolutionConfigurationPlatforms) = preSolution
		Debug|Any CPU = Debug|Any CPU
		Release|Any CPU = Release|Any CPU
	EndGlobalSection
	GlobalSection(ProjectConfigurationPlatforms) = postSolution
		{6862B576-9556-4AF5-9227-4CCCC28E0020}.Debug|Any CPU.ActiveCfg = Debug|Any CPU
		{6862B576-9556-4AF5-9227-4CCCC28E0020}.Debug|Any CPU.Build.0 = Debug|Any CPU
		{6862B576-9556-4AF5-9227-4CCCC28E0020}.Release|Any CPU.ActiveCfg = Release|Any CPU
		{6862B576-9556-4AF5-9227-4CCCC28E0020}.Release|Any CPU.Build.0 = Release|Any CPU
		{7EE5645C-5EC4-40C8-9943-91964ACDBEA8}.Debug|Any CPU.ActiveCfg = Debug|Any CPU
		{7EE5645C-5EC4-40C8-9943-91964ACDBEA8}.Debug|Any CPU.Build.0 = Debug|Any CPU
		{7EE5645C-5EC4-40C8-9943-91964ACDBEA8}.Release|Any CPU.ActiveCfg = Release|Any CPU
		{7EE5645C-5EC4-40C8-9943-91964ACDBEA8}.Release|Any CPU.Build.0 = Release|Any CPU
		{97290369-8395-45FB-9991-382BA0602945}.Debug|Any CPU.ActiveCfg = Debug|Any CPU
		{97290369-8395-45FB-9991-382BA0602945}.Debug|Any CPU.Build.0 = Debug|Any CPU
		{97290369-8395-45FB-9991-382BA0602945}.Release|Any CPU.ActiveCfg = Release|Any CPU
		{97290369-8395-45FB-9991-382BA0602945}.Release|Any CPU.Build.0 = Release|Any CPU
		{4EEED280-0038-47FC-823F-DAB1B94E6A86}.Debug|Any CPU.ActiveCfg = Debug|Any CPU
		{4EEED280-0038-47FC-823F-DAB1B94E6A86}.Debug|Any CPU.Build.0 = Debug|Any CPU
		{4EEED280-0038-47FC-823F-DAB1B94E6A86}.Release|Any CPU.ActiveCfg = Release|Any CPU
		{4EEED280-0038-47FC-823F-DAB1B94E6A86}.Release|Any CPU.Build.0 = Release|Any CPU
	EndGlobalSection
	GlobalSection(SolutionProperties) = preSolution
		HideSolutionNode = FALSE
	EndGlobalSection
	GlobalSection(ExtensibilityGlobals) = postSolution
		SolutionGuid = {99EC416C-5DB3-468C-9938-6BAFF6805513}
	EndGlobalSection
EndGlobal
